
Microsoft Visual Studio Solution File, Format Version 12.00
# Visual Studio 14
VisualStudioVersion = 14.0.24720.0
MinimumVisualStudioVersion = 10.0.40219.1
Project("{8BC9CEB8-8B4A-11D0-8D11-00A0C91BC942}") = "UALx86", "UALx86\UALx86.vcxproj", "{D614D822-4B25-4232-A7F2-3297F8FA2620}"
EndProject
Project("{8BC9CEB8-8B4A-11D0-8D11-00A0C91BC942}") = "UALx64", "UALx64\UALx64.vcxproj", "{37005014-2EB8-48ED-86CB-396DB27B522E}"
EndProject
Project("{8BC9CEB8-8B4A-11D0-8D11-00A0C91BC942}") = "UALx86.TestPlugin", "UALx86.TestPlugin\UALx86.TestPlugin.vcxproj", "{01F87C10-96EC-4C08-8AB0-CBB519482369}"
EndProject
Project("{8BC9CEB8-8B4A-11D0-8D11-00A0C91BC942}") = "UALx64.TestPlugin", "UALx64.TestPlugin\UALx64.TestPlugin.vcxproj", "{DF347627-423D-42AC-ACA6-0B95B58D88D6}"
EndProject
Global
	GlobalSection(SolutionConfigurationPlatforms) = preSolution
		Debug|x64 = Debug|x64
		Debug|x86 = Debug|x86
		Release|x64 = Release|x64
		Release|x86 = Release|x86
	EndGlobalSection
	GlobalSection(ProjectConfigurationPlatforms) = postSolution
		{D614D822-4B25-4232-A7F2-3297F8FA2620}.Debug|x64.ActiveCfg = Debug|x64
		{D614D822-4B25-4232-A7F2-3297F8FA2620}.Debug|x64.Build.0 = Debug|x64
		{D614D822-4B25-4232-A7F2-3297F8FA2620}.Debug|x86.ActiveCfg = Debug|Win32
		{D614D822-4B25-4232-A7F2-3297F8FA2620}.Debug|x86.Build.0 = Debug|Win32
		{D614D822-4B25-4232-A7F2-3297F8FA2620}.Release|x64.ActiveCfg = Release|x64
		{D614D822-4B25-4232-A7F2-3297F8FA2620}.Release|x64.Build.0 = Release|x64
		{D614D822-4B25-4232-A7F2-3297F8FA2620}.Release|x86.ActiveCfg = Release|Win32
		{D614D822-4B25-4232-A7F2-3297F8FA2620}.Release|x86.Build.0 = Release|Win32
		{37005014-2EB8-48ED-86CB-396DB27B522E}.Debug|x64.ActiveCfg = Debug|x64
		{37005014-2EB8-48ED-86CB-396DB27B522E}.Debug|x64.Build.0 = Debug|x64
		{37005014-2EB8-48ED-86CB-396DB27B522E}.Debug|x86.ActiveCfg = Debug|Win32
		{37005014-2EB8-48ED-86CB-396DB27B522E}.Debug|x86.Build.0 = Debug|Win32
		{37005014-2EB8-48ED-86CB-396DB27B522E}.Release|x64.ActiveCfg = Release|x64
		{37005014-2EB8-48ED-86CB-396DB27B522E}.Release|x64.Build.0 = Release|x64
		{37005014-2EB8-48ED-86CB-396DB27B522E}.Release|x86.ActiveCfg = Release|Win32
		{37005014-2EB8-48ED-86CB-396DB27B522E}.Release|x86.Build.0 = Release|Win32
		{01F87C10-96EC-4C08-8AB0-CBB519482369}.Debug|x64.ActiveCfg = Debug|x64
		{01F87C10-96EC-4C08-8AB0-CBB519482369}.Debug|x64.Build.0 = Debug|x64
		{01F87C10-96EC-4C08-8AB0-CBB519482369}.Debug|x86.ActiveCfg = Debug|Win32
		{01F87C10-96EC-4C08-8AB0-CBB519482369}.Debug|x86.Build.0 = Debug|Win32
		{01F87C10-96EC-4C08-8AB0-CBB519482369}.Release|x64.ActiveCfg = Release|x64
		{01F87C10-96EC-4C08-8AB0-CBB519482369}.Release|x64.Build.0 = Release|x64
		{01F87C10-96EC-4C08-8AB0-CBB519482369}.Release|x86.ActiveCfg = Release|Win32
		{01F87C10-96EC-4C08-8AB0-CBB519482369}.Release|x86.Build.0 = Release|Win32
		{DF347627-423D-42AC-ACA6-0B95B58D88D6}.Debug|x64.ActiveCfg = Debug|x64
		{DF347627-423D-42AC-ACA6-0B95B58D88D6}.Debug|x64.Build.0 = Debug|x64
		{DF347627-423D-42AC-ACA6-0B95B58D88D6}.Debug|x86.ActiveCfg = Debug|Win32
		{DF347627-423D-42AC-ACA6-0B95B58D88D6}.Debug|x86.Build.0 = Debug|Win32
		{DF347627-423D-42AC-ACA6-0B95B58D88D6}.Release|x64.ActiveCfg = Release|x64
		{DF347627-423D-42AC-ACA6-0B95B58D88D6}.Release|x64.Build.0 = Release|x64
		{DF347627-423D-42AC-ACA6-0B95B58D88D6}.Release|x86.ActiveCfg = Release|Win32
		{DF347627-423D-42AC-ACA6-0B95B58D88D6}.Release|x86.Build.0 = Release|Win32
	EndGlobalSection
	GlobalSection(SolutionProperties) = preSolution
		HideSolutionNode = FALSE
	EndGlobalSection
EndGlobal
