
Microsoft Visual Studio Solution File, Format Version 11.00
# Visual Studio 2010
Project("{8BC9CEB8-8B4A-11D0-8D11-00A0C91BC942}") = "test_plugin_src", "test_plugin_src\test_plugin_src.vcxproj", "{86A3502E-F936-4DE2-BB8D-7DEEA687BB76}"
EndProject
Global
	GlobalSection(SolutionConfigurationPlatforms) = preSolution
		Debug|Win32 = Debug|Win32
		Release|Win32 = Release|Win32
	EndGlobalSection
	GlobalSection(ProjectConfigurationPlatforms) = postSolution
		{86A3502E-F936-4DE2-BB8D-7DEEA687BB76}.Debug|Win32.ActiveCfg = Debug|Win32
		{86A3502E-F936-4DE2-BB8D-7DEEA687BB76}.Debug|Win32.Build.0 = Debug|Win32
		{86A3502E-F936-4DE2-BB8D-7DEEA687BB76}.Release|Win32.ActiveCfg = Release|Win32
		{86A3502E-F936-4DE2-BB8D-7DEEA687BB76}.Release|Win32.Build.0 = Release|Win32
	EndGlobalSection
	GlobalSection(SolutionProperties) = preSolution
		HideSolutionNode = FALSE
	EndGlobalSection
EndGlobal
